# This file is automatically @generated by Cargo.
# It is not intended for manual editing.
version = 3

[[package]]
name = "bootloader"
version = "0.10.6"
source = "registry+https://github.com/rust-lang/crates.io-index"
checksum = "8d14f17b82e24a31d32e9b05b2f2e6144bab94086ef636770f2bb2d96adf9f77"

[[package]]
name = "flandre_os_kernel"
version = "0.1.0"
dependencies = [
 "bootloader",
]
