# This file is automatically @generated by Cargo.
# It is not intended for manual editing.
version = 3

[[package]]
name = "bootloader"
version = "0.10.0"
source = "registry+https://github.com/rust-lang/crates.io-index"
checksum = "eda6782f912689a139915d6b98205c9d9620303159f91d33a17cc0a221dd3b71"

[[package]]
name = "flandre_os_kernel"
version = "0.1.0"
dependencies = [
 "bootloader",
]
