# This file is automatically @generated by Cargo.
# It is not intended for manual editing.
[[package]]
name = "bootloader"
version = "0.8.7"
source = "registry+https://github.com/rust-lang/crates.io-index"

[[package]]
name = "flandre_os_kernel"
version = "0.1.0"
dependencies = [
 "bootloader 0.8.7 (registry+https://github.com/rust-lang/crates.io-index)",
]

[metadata]
"checksum bootloader 0.8.7 (registry+https://github.com/rust-lang/crates.io-index)" = "2ad5da9744106162b2fae173e8cd179da056f6c989a13c3207ef2470df3db1b8"
